// !$*UTF8*$!
{
	archiveVersion = 1;
	classes = {
	};
	objectVersion = 56;
	objects = {

/* Begin PBXBuildFile section */
		CAFE00000011 /* CirrusAudioFixup.cpp in Sources */ = {
			isa = PBXBuildFile;
			fileRef = CAFE00000001 /* CirrusAudioFixup.cpp */;
		};
		// NOTE: Kernel.framework is NOT in the build phase.
		// On Xcode 16+ / macOS SDK 15+, kernel symbols are
		// provided implicitly via -mkernel + -lkmod + -lcc_kext.
		// Adding Kernel.framework to the link phase causes:
		//   ld: framework not found Kernel
/* End PBXBuildFile section */

/* Begin PBXFileReference section */
		CAFE00000001 /* CirrusAudioFixup.cpp */ = {
			isa = PBXFileReference;
			lastKnownFileType = sourcecode.cpp.cpp;
			path = CirrusAudioFixup.cpp;
			sourceTree = "<group>";
		};
		CAFE00000002 /* CirrusAudioFixup.hpp */ = {
			isa = PBXFileReference;
			lastKnownFileType = sourcecode.cpp.h;
			path = CirrusAudioFixup.hpp;
			sourceTree = "<group>";
		};
		CAFE00000003 /* Info.plist */ = {
			isa = PBXFileReference;
			lastKnownFileType = text.plist.xml;
			path = Info.plist;
			sourceTree = "<group>";
		};
		CAFE00000005 /* CirrusAudioFixup.kext */ = {
			isa = PBXFileReference;
			explicitFileType = wrapper.cfbundle;
			includeInIndex = 0;
			path = CirrusAudioFixup.kext;
			sourceTree = BUILT_PRODUCTS_DIR;
		};
/* End PBXFileReference section */

/* Begin PBXFrameworksBuildPhase section */
		CAFE00000031 /* Frameworks */ = {
			isa = PBXFrameworksBuildPhase;
			buildActionMask = 2147483647;
			files = (
				// Empty — kernel symbols come from -lkmod -lcc_kext via OTHER_LDFLAGS
			);
			runOnlyForDeploymentPostprocessing = 0;
		};
/* End PBXFrameworksBuildPhase section */

/* Begin PBXGroup section */
		CAFE00000020 /* Root */ = {
			isa = PBXGroup;
			children = (
				CAFE00000021 /* CirrusAudioFixup */,
				CAFE00000023 /* Products */,
			);
			sourceTree = "<group>";
		};
		CAFE00000021 /* CirrusAudioFixup */ = {
			isa = PBXGroup;
			children = (
				CAFE00000001 /* CirrusAudioFixup.cpp */,
				CAFE00000002 /* CirrusAudioFixup.hpp */,
				CAFE00000003 /* Info.plist */,
			);
			name = CirrusAudioFixup;
			path = CirrusAudioFixup;
			sourceTree = "<group>";
		};
		CAFE00000023 /* Products */ = {
			isa = PBXGroup;
			children = (
				CAFE00000005 /* CirrusAudioFixup.kext */,
			);
			name = Products;
			sourceTree = "<group>";
		};
/* End PBXGroup section */

/* Begin PBXNativeTarget section */
		CAFE00000040 /* CirrusAudioFixup */ = {
			isa = PBXNativeTarget;
			buildConfigurationList = CAFE00000061;
			buildPhases = (
				CAFE00000030 /* Sources */,
				CAFE00000031 /* Frameworks */,
			);
			buildRules = (
			);
			dependencies = (
			);
			name = CirrusAudioFixup;
			productName = CirrusAudioFixup;
			productReference = CAFE00000005 /* CirrusAudioFixup.kext */;
			productType = "com.apple.product-type.kernel-extension";
		};
/* End PBXNativeTarget section */

/* Begin PBXProject section */
		CAFE00000050 /* Project object */ = {
			isa = PBXProject;
			attributes = {
				BuildIndependentTargetsInParallel = 1;
				LastUpgradeCheck = 1600;
				TargetAttributes = {
					CAFE00000040 = {
						CreatedOnToolsVersion = 16.0;
					};
				};
			};
			buildConfigurationList = CAFE00000060;
			compatibilityVersion = "Xcode 14.0";
			developmentRegion = en;
			hasScannedForEncodings = 0;
			knownRegions = (
				en,
				Base,
			);
			mainGroup = CAFE00000020;
			productRefGroup = CAFE00000023 /* Products */;
			projectDirPath = "";
			projectRoot = "";
			targets = (
				CAFE00000040 /* CirrusAudioFixup */,
			);
		};
/* End PBXProject section */

/* Begin PBXSourcesBuildPhase section */
		CAFE00000030 /* Sources */ = {
			isa = PBXSourcesBuildPhase;
			buildActionMask = 2147483647;
			files = (
				CAFE00000011 /* CirrusAudioFixup.cpp in Sources */,
			);
			runOnlyForDeploymentPostprocessing = 0;
		};
/* End PBXSourcesBuildPhase section */

/* Begin XCBuildConfiguration section */

		/* ── Project Debug ────────────────────────────────── */
		CAFE00000070 /* Debug */ = {
			isa = XCBuildConfiguration;
			buildSettings = {
				ALWAYS_SEARCH_USER_PATHS = NO;
				ARCHS = x86_64;
				MACOSX_DEPLOYMENT_TARGET = 13.0;
				SDKROOT = macosx;
			};
			name = Debug;
		};

		/* ── Project Release ──────────────────────────────── */
		CAFE00000071 /* Release */ = {
			isa = XCBuildConfiguration;
			buildSettings = {
				ALWAYS_SEARCH_USER_PATHS = NO;
				ARCHS = x86_64;
				MACOSX_DEPLOYMENT_TARGET = 13.0;
				SDKROOT = macosx;
			};
			name = Release;
		};

		/* ── Target Debug ─────────────────────────────────── */
		CAFE00000072 /* Debug */ = {
			isa = XCBuildConfiguration;
			buildSettings = {
				ARCHS = x86_64;

				// ── Code signing (off for Hackintosh/CI) ──
				CODE_SIGN_IDENTITY = "";
				CODE_SIGNING_REQUIRED = NO;
				CODE_SIGNING_ALLOWED = NO;
				CODE_SIGN_STYLE = Manual;

				// ── Required kext flags ───────────────────
				DEAD_CODE_STRIPPING = NO;
				GCC_ENABLE_CPP_EXCEPTIONS = NO;
				GCC_ENABLE_CPP_RTTI = NO;
				GCC_OPTIMIZATION_LEVEL = 0;
				CLANG_CXX_LANGUAGE_STANDARD = "c++17";

				// ── Info.plist ────────────────────────────
				INFOPLIST_FILE = CirrusAudioFixup/Info.plist;
				GENERATE_INFOPLIST_FILE = NO;

				// ── Module identity ───────────────────────
				MODULE_NAME = com.hoaugtr.CirrusAudioFixup;
				MODULE_VERSION = 1;

				// ── Preprocessor (kernel mode headers) ────
				OTHER_CFLAGS = (
					"-DDEBUG=1",
					"-DKERNEL",
					"-DKERNEL_PRIVATE",
					"-DDRIVER_PRIVATE",
					"-DAPPLE",
					"-DNeXT",
				);
				OTHER_CPLUSPLUSFLAGS = "$(OTHER_CFLAGS)";

				// ── Linker flags (NO Kernel.framework ref) ─
				// -lkmod    : kext module init/fini symbols
				// -lcc_kext : C++ runtime for kext
				// Do NOT add -framework Kernel here —
				// it causes "framework not found Kernel"
				// on Xcode 16 / SDK 15.x
				OTHER_LDFLAGS = (
					"-lkmod",
					"-lcc_kext",
				);

				PRODUCT_BUNDLE_IDENTIFIER = com.hoaugtr.CirrusAudioFixup;
				PRODUCT_NAME = CirrusAudioFixup;
				SDKROOT = macosx;
				MACOSX_DEPLOYMENT_TARGET = 13.0;
				WRAPPER_EXTENSION = kext;
			};
			name = Debug;
		};

		/* ── Target Release ───────────────────────────────── */
		CAFE00000073 /* Release */ = {
			isa = XCBuildConfiguration;
			buildSettings = {
				ARCHS = x86_64;

				CODE_SIGN_IDENTITY = "";
				CODE_SIGNING_REQUIRED = NO;
				CODE_SIGNING_ALLOWED = NO;
				CODE_SIGN_STYLE = Manual;

				DEAD_CODE_STRIPPING = NO;
				GCC_ENABLE_CPP_EXCEPTIONS = NO;
				GCC_ENABLE_CPP_RTTI = NO;
				GCC_OPTIMIZATION_LEVEL = s;
				CLANG_CXX_LANGUAGE_STANDARD = "c++17";

				INFOPLIST_FILE = CirrusAudioFixup/Info.plist;
				GENERATE_INFOPLIST_FILE = NO;

				MODULE_NAME = com.hoaugtr.CirrusAudioFixup;
				MODULE_VERSION = 1;

				OTHER_CFLAGS = (
					"-DKERNEL",
					"-DKERNEL_PRIVATE",
					"-DDRIVER_PRIVATE",
					"-DAPPLE",
					"-DNeXT",
				);
				OTHER_CPLUSPLUSFLAGS = "$(OTHER_CFLAGS)";

				OTHER_LDFLAGS = (
					"-lkmod",
					"-lcc_kext",
				);

				PRODUCT_BUNDLE_IDENTIFIER = com.hoaugtr.CirrusAudioFixup;
				PRODUCT_NAME = CirrusAudioFixup;
				SDKROOT = macosx;
				MACOSX_DEPLOYMENT_TARGET = 13.0;
				WRAPPER_EXTENSION = kext;
			};
			name = Release;
		};

/* End XCBuildConfiguration section */

/* Begin XCConfigurationList section */
		CAFE00000060 /* Build configuration list for PBXProject */ = {
			isa = XCConfigurationList;
			buildConfigurations = (
				CAFE00000070 /* Debug */,
				CAFE00000071 /* Release */,
			);
			defaultConfigurationIsVisible = 0;
			defaultConfigurationName = Release;
		};
		CAFE00000061 /* Build configuration list for PBXNativeTarget */ = {
			isa = XCConfigurationList;
			buildConfigurations = (
				CAFE00000072 /* Debug */,
				CAFE00000073 /* Release */,
			);
			defaultConfigurationIsVisible = 0;
			defaultConfigurationName = Release;
		};
/* End XCConfigurationList section */

	};
	rootObject = CAFE00000050 /* Project object */;
}
